
Microsoft Visual Studio Solution File, Format Version 12.00
# Visual Studio Version 17
VisualStudioVersion = 17.14.36429.23 d17.14
MinimumVisualStudioVersion = 10.0.40219.1
Project("{FAE04EC0-301F-11D3-BF4B-00C04F79EFBC}") = "PracticalWork-3-Application-Design-Patterns", "PracticalWork-3-Application-Design-Patterns\PracticalWork-3-Application-Design-Patterns.csproj", "{030FE48A-ECA5-4952-822E-2EAA3B9E485D}"
EndProject
Global
	GlobalSection(SolutionConfigurationPlatforms) = preSolution
		Debug|Any CPU = Debug|Any CPU
		Release|Any CPU = Release|Any CPU
	EndGlobalSection
	GlobalSection(ProjectConfigurationPlatforms) = postSolution
		{030FE48A-ECA5-4952-822E-2EAA3B9E485D}.Debug|Any CPU.ActiveCfg = Debug|Any CPU
		{030FE48A-ECA5-4952-822E-2EAA3B9E485D}.Debug|Any CPU.Build.0 = Debug|Any CPU
		{030FE48A-ECA5-4952-822E-2EAA3B9E485D}.Release|Any CPU.ActiveCfg = Release|Any CPU
		{030FE48A-ECA5-4952-822E-2EAA3B9E485D}.Release|Any CPU.Build.0 = Release|Any CPU
	EndGlobalSection
	GlobalSection(SolutionProperties) = preSolution
		HideSolutionNode = FALSE
	EndGlobalSection
	GlobalSection(ExtensibilityGlobals) = postSolution
		SolutionGuid = {D3219A41-E708-42F6-AAD4-A1259F1A86FA}
	EndGlobalSection
EndGlobal
